
Microsoft Visual Studio Solution File, Format Version 12.00
# Visual Studio 15
VisualStudioVersion = 15.0.26228.9
MinimumVisualStudioVersion = 10.0.40219.1
Project("{FAE04EC0-301F-11D3-BF4B-00C04F79EFBC}") = "nibackendservice", "nibackendservice\nibackendservice.csproj", "{6B8A1E1E-CD01-46C2-BDED-3E13507F3A7A}"
EndProject
Project("{FAE04EC0-301F-11D3-BF4B-00C04F79EFBC}") = "niapi", "niapi\niapi.csproj", "{D6D257ED-1E00-4F27-834A-6834ABE11E17}"
EndProject
Global
	GlobalSection(SolutionConfigurationPlatforms) = preSolution
		Debug|Any CPU = Debug|Any CPU
		Release|Any CPU = Release|Any CPU
	EndGlobalSection
	GlobalSection(ProjectConfigurationPlatforms) = postSolution
		{6B8A1E1E-CD01-46C2-BDED-3E13507F3A7A}.Debug|Any CPU.ActiveCfg = Debug|Any CPU
		{6B8A1E1E-CD01-46C2-BDED-3E13507F3A7A}.Debug|Any CPU.Build.0 = Debug|Any CPU
		{6B8A1E1E-CD01-46C2-BDED-3E13507F3A7A}.Release|Any CPU.ActiveCfg = Release|Any CPU
		{6B8A1E1E-CD01-46C2-BDED-3E13507F3A7A}.Release|Any CPU.Build.0 = Release|Any CPU
		{D6D257ED-1E00-4F27-834A-6834ABE11E17}.Debug|Any CPU.ActiveCfg = Debug|Any CPU
		{D6D257ED-1E00-4F27-834A-6834ABE11E17}.Debug|Any CPU.Build.0 = Debug|Any CPU
		{D6D257ED-1E00-4F27-834A-6834ABE11E17}.Release|Any CPU.ActiveCfg = Release|Any CPU
		{D6D257ED-1E00-4F27-834A-6834ABE11E17}.Release|Any CPU.Build.0 = Release|Any CPU
	EndGlobalSection
	GlobalSection(SolutionProperties) = preSolution
		HideSolutionNode = FALSE
	EndGlobalSection
EndGlobal
